hash: bc7cfa402ab26128d4d790fe9308277f7ff0ed541049bd66c7895dd0da5bcc14
updated: 2016-08-25T20:07:09.731943001+02:00
imports:
- name: github.com/bborbe/io
  version: a92503d8d6377ff0e8b24ad2007cc83546a50817
  subpackages:
  - buffered_writer
- name: github.com/bborbe/log
  version: 0250bb5b2e2bd833cb9a47333c28aa46751cdbfe
testImports: []
